
Microsoft Visual Studio Solution File, Format Version 12.00
# Visual Studio 15
VisualStudioVersion = 15.0.28307.1062
MinimumVisualStudioVersion = 10.0.40219.1
Project("{FAE04EC0-301F-11D3-BF4B-00C04F79EFBC}") = "GitHub", "GitHub\GitHub.csproj", "{A6D1936B-13D2-4844-BD94-D69C6F255BC9}"
EndProject
Global
	GlobalSection(SolutionConfigurationPlatforms) = preSolution
		Debug|Any CPU = Debug|Any CPU
		Release|Any CPU = Release|Any CPU
	EndGlobalSection
	GlobalSection(ProjectConfigurationPlatforms) = postSolution
		{A6D1936B-13D2-4844-BD94-D69C6F255BC9}.Debug|Any CPU.ActiveCfg = Debug|Any CPU
		{A6D1936B-13D2-4844-BD94-D69C6F255BC9}.Debug|Any CPU.Build.0 = Debug|Any CPU
		{A6D1936B-13D2-4844-BD94-D69C6F255BC9}.Release|Any CPU.ActiveCfg = Release|Any CPU
		{A6D1936B-13D2-4844-BD94-D69C6F255BC9}.Release|Any CPU.Build.0 = Release|Any CPU
	EndGlobalSection
	GlobalSection(SolutionProperties) = preSolution
		HideSolutionNode = FALSE
	EndGlobalSection
	GlobalSection(ExtensibilityGlobals) = postSolution
		SolutionGuid = {40AB270E-5421-4C32-B314-6FC0CA7F215B}
	EndGlobalSection
EndGlobal
